
Microsoft Visual Studio Solution File, Format Version 12.00
# Visual Studio Version 16
VisualStudioVersion = 16.0.31624.102
MinimumVisualStudioVersion = 10.0.40219.1
Project("{FAE04EC0-301F-11D3-BF4B-00C04F79EFBC}") = "EmmaApp", "EmmaApp\EmmaApp.csproj", "{364E0B12-DDF1-4EDC-B578-064F13A68D30}"
EndProject
Global
	GlobalSection(SolutionConfigurationPlatforms) = preSolution
		Debug|Any CPU = Debug|Any CPU
		Release|Any CPU = Release|Any CPU
	EndGlobalSection
	GlobalSection(ProjectConfigurationPlatforms) = postSolution
		{364E0B12-DDF1-4EDC-B578-064F13A68D30}.Debug|Any CPU.ActiveCfg = Debug|Any CPU
		{364E0B12-DDF1-4EDC-B578-064F13A68D30}.Debug|Any CPU.Build.0 = Debug|Any CPU
		{364E0B12-DDF1-4EDC-B578-064F13A68D30}.Release|Any CPU.ActiveCfg = Release|Any CPU
		{364E0B12-DDF1-4EDC-B578-064F13A68D30}.Release|Any CPU.Build.0 = Release|Any CPU
	EndGlobalSection
	GlobalSection(SolutionProperties) = preSolution
		HideSolutionNode = FALSE
	EndGlobalSection
	GlobalSection(ExtensibilityGlobals) = postSolution
		SolutionGuid = {AA28E719-C7A7-41EF-9B07-C2CECE035DF9}
	EndGlobalSection
EndGlobal
